{
  "lockfileVersion": 1,
  "configVersion": 1,
  "workspaces": {
    "": {
      "name": "harbord",
      "devDependencies": {
        "@types/bun": "^1.3.14",
        "conventional-changelog-cli": "^5.0.0",
        "vitest": "^4.1.5",
      },
      "peerDependencies": {
        "typescript": "^5",
      },
    },
  },
  "packages": {
    "@babel/code-frame": ["@babel/code-frame@7.29.0", "https://registry.npmjs.com/@babel/code-frame/-/code-frame-7.29.0.tgz", { "dependencies": { "@babel/helper-validator-identifier": "^7.28.5", "js-tokens": "^4.0.0", "picocolors": "^1.1.1" } }, "sha512-9NhCeYjq9+3uxgdtp20LSiJXJvN0FeCtNGpJxuMFZ1Kv3cWUNb6DOhJwUvcVCzKGR66cw4njwM6hrJLqgOwbcw=="],

    "@babel/helper-validator-identifier": ["@babel/helper-validator-identifier@7.28.5", "https://registry.npmjs.com/@babel/helper-validator-identifier/-/helper-validator-identifier-7.28.5.tgz", {}, "sha512-qSs4ifwzKJSV39ucNjsvc6WVHs6b7S03sOh2OcHF9UHfVPqWWALUsNUVzhSBiItjRZoLHx7nIarVjqKVusUZ1Q=="],

    "@conventional-changelog/git-client": ["@conventional-changelog/git-client@2.7.0", "https://registry.npmjs.com/@conventional-changelog/git-client/-/git-client-2.7.0.tgz", { "dependencies": { "@simple-libs/child-process-utils": "^1.0.0", "@simple-libs/stream-utils": "^1.2.0", "semver": "^7.5.2" }, "peerDependencies": { "conventional-commits-filter": "^5.0.0", "conventional-commits-parser": "^6.4.0" }, "optionalPeers": ["conventional-commits-filter", "conventional-commits-parser"] }, "sha512-j7A8/LBEQ+3rugMzPXoKYzyUPpw/0CBQCyvtTR7Lmu4olG4yRC/Tfkq79Mr3yuPs0SUitlO2HwGP3gitMJnRFw=="],

    "@emnapi/core": ["@emnapi/core@1.10.0", "https://registry.npmjs.com/@emnapi/core/-/core-1.10.0.tgz", { "dependencies": { "@emnapi/wasi-threads": "1.2.1", "tslib": "^2.4.0" } }, "sha512-yq6OkJ4p82CAfPl0u9mQebQHKPJkY7WrIuk205cTYnYe+k2Z8YBh11FrbRG/H6ihirqcacOgl2BIO8oyMQLeXw=="],

    "@emnapi/runtime": ["@emnapi/runtime@1.10.0", "https://registry.npmjs.com/@emnapi/runtime/-/runtime-1.10.0.tgz", { "dependencies": { "tslib": "^2.4.0" } }, "sha512-ewvYlk86xUoGI0zQRNq/mC+16R1QeDlKQy21Ki3oSYXNgLb45GV1P6A0M+/s6nyCuNDqe5VpaY84BzXGwVbwFA=="],

    "@emnapi/wasi-threads": ["@emnapi/wasi-threads@1.2.1", "https://registry.npmjs.com/@emnapi/wasi-threads/-/wasi-threads-1.2.1.tgz", { "dependencies": { "tslib": "^2.4.0" } }, "sha512-uTII7OYF+/Mes/MrcIOYp5yOtSMLBWSIoLPpcgwipoiKbli6k322tcoFsxoIIxPDqW01SQGAgko4EzZi2BNv2w=="],

    "@hutson/parse-repository-url": ["@hutson/parse-repository-url@5.0.0", "https://registry.npmjs.com/@hutson/parse-repository-url/-/parse-repository-url-5.0.0.tgz", {}, "sha512-e5+YUKENATs1JgYHMzTr2MW/NDcXGfYFAuOQU8gJgF/kEh4EqKgfGrfLI67bMD4tbhZVlkigz/9YYwWcbOFthg=="],

    "@jridgewell/sourcemap-codec": ["@jridgewell/sourcemap-codec@1.5.5", "https://registry.npmjs.com/@jridgewell/sourcemap-codec/-/sourcemap-codec-1.5.5.tgz", {}, "sha512-cYQ9310grqxueWbl+WuIUIaiUaDcj7WOq5fVhEljNVgRfOUhY9fy2zTvfoqWsnebh8Sl70VScFbICvJnLKB0Og=="],

    "@napi-rs/wasm-runtime": ["@napi-rs/wasm-runtime@1.1.4", "https://registry.npmjs.com/@napi-rs/wasm-runtime/-/wasm-runtime-1.1.4.tgz", { "dependencies": { "@tybys/wasm-util": "^0.10.1" }, "peerDependencies": { "@emnapi/core": "^1.7.1", "@emnapi/runtime": "^1.7.1" } }, "sha512-3NQNNgA1YSlJb/kMH1ildASP9HW7/7kYnRI2szWJaofaS1hWmbGI4H+d3+22aGzXXN9IJ+n+GiFVcGipJP18ow=="],

    "@oxc-project/types": ["@oxc-project/types@0.128.0", "https://registry.npmjs.com/@oxc-project/types/-/types-0.128.0.tgz", {}, "sha512-huv1Y/LzBJkBVHt3OlC7u0zHBW9qXf1FdD7sGmc1rXc2P1mTwHssYv7jyGx5KAACSCH+9B3Bhn6Z9luHRvf7pQ=="],

    "@rolldown/binding-android-arm64": ["@rolldown/binding-android-arm64@1.0.0-rc.18", "https://registry.npmjs.com/@rolldown/binding-android-arm64/-/binding-android-arm64-1.0.0-rc.18.tgz", { "os": "android", "cpu": "arm64" }, "sha512-lIDyUAfD7U3+BWKzdxMbJcsYHuqXqmGz40aeRqvuAm3y5TkJSYTBW2RDrn65DJFPQqVjUAUqq5uz8urzQ8aBdQ=="],

    "@rolldown/binding-darwin-arm64": ["@rolldown/binding-darwin-arm64@1.0.0-rc.18", "https://registry.npmjs.com/@rolldown/binding-darwin-arm64/-/binding-darwin-arm64-1.0.0-rc.18.tgz", { "os": "darwin", "cpu": "arm64" }, "sha512-apJq2ktnGp27nSInMR5Vcj8kY6xJzDAvfdIFlpDcAK/w4cDO58qVoi1YQsES/SKiFNge/6e4CUzgjfHduYqWpQ=="],

    "@rolldown/binding-darwin-x64": ["@rolldown/binding-darwin-x64@1.0.0-rc.18", "https://registry.npmjs.com/@rolldown/binding-darwin-x64/-/binding-darwin-x64-1.0.0-rc.18.tgz", { "os": "darwin", "cpu": "x64" }, "sha512-5Ofot8xbs+pxRHJqm9/9N/4sTQOvdrwEsmPE9pdLEEoAbdZtG6F2LMDfO1sp6ZAtXJuJV/21ew2srq3W8NXB5g=="],

    "@rolldown/binding-freebsd-x64": ["@rolldown/binding-freebsd-x64@1.0.0-rc.18", "https://registry.npmjs.com/@rolldown/binding-freebsd-x64/-/binding-freebsd-x64-1.0.0-rc.18.tgz", { "os": "freebsd", "cpu": "x64" }, "sha512-7h8eeOTT1eyqJyx64BFCnWZpNm486hGWt2sqeLLgDxA0xI1oGZ9H7gK1S85uNGmBhkdPwa/6reTxfFFKvIsebw=="],

    "@rolldown/binding-linux-arm-gnueabihf": ["@rolldown/binding-linux-arm-gnueabihf@1.0.0-rc.18", "https://registry.npmjs.com/@rolldown/binding-linux-arm-gnueabihf/-/binding-linux-arm-gnueabihf-1.0.0-rc.18.tgz", { "os": "linux", "cpu": "arm" }, "sha512-eRcm/HVt9U/JFu5RKAEKwGQYtDCKWLiaH6wOnsSEp6NMBb/3Os8LgHZlNyzMpFVNmiiMFlfb2zEnebfzJrHFmg=="],

    "@rolldown/binding-linux-arm64-gnu": ["@rolldown/binding-linux-arm64-gnu@1.0.0-rc.18", "https://registry.npmjs.com/@rolldown/binding-linux-arm64-gnu/-/binding-linux-arm64-gnu-1.0.0-rc.18.tgz", { "os": "linux", "cpu": "arm64" }, "sha512-SOrT/cT4ukTmgnrEz/Hg3m7LBnuCLW9psDeMKrimRWY4I8DmnO7Lco8W2vtqPmMkbVu8iJ+g4GFLVLLOVjJ9DQ=="],

    "@rolldown/binding-linux-arm64-musl": ["@rolldown/binding-linux-arm64-musl@1.0.0-rc.18", "https://registry.npmjs.com/@rolldown/binding-linux-arm64-musl/-/binding-linux-arm64-musl-1.0.0-rc.18.tgz", { "os": "linux", "cpu": "arm64" }, "sha512-QWjdxN1HJCpBTAcZ5N5F7wju3gVPzRzSpmGzx7na0c/1qpN9CFil+xt+l9lV/1M6/gqHSNXCiqPfwhVJPeLnug=="],

    "@rolldown/binding-linux-ppc64-gnu": ["@rolldown/binding-linux-ppc64-gnu@1.0.0-rc.18", "https://registry.npmjs.com/@rolldown/binding-linux-ppc64-gnu/-/binding-linux-ppc64-gnu-1.0.0-rc.18.tgz", { "os": "linux", "cpu": "ppc64" }, "sha512-ugCOyj7a4d9h3q9B+wXmf6g3a68UsjGh6dob5DHevHGMwDUbhsYNbSPxJsENcIttJZ9jv7qGM2UesLw5jqIhdg=="],

    "@rolldown/binding-linux-s390x-gnu": ["@rolldown/binding-linux-s390x-gnu@1.0.0-rc.18", "https://registry.npmjs.com/@rolldown/binding-linux-s390x-gnu/-/binding-linux-s390x-gnu-1.0.0-rc.18.tgz", { "os": "linux", "cpu": "s390x" }, "sha512-kKWRhbsotpXkGbcd5dllUWg5gEXcDAa8u5YnP9AV5DYNbvJHGzzuwv7dpmhc8NqKMJldl0a+x76IHbspEpEmdA=="],

    "@rolldown/binding-linux-x64-gnu": ["@rolldown/binding-linux-x64-gnu@1.0.0-rc.18", "https://registry.npmjs.com/@rolldown/binding-linux-x64-gnu/-/binding-linux-x64-gnu-1.0.0-rc.18.tgz", { "os": "linux", "cpu": "x64" }, "sha512-uCo8ElcCIAMyYAZyuIZ81oFkhTSIllNvUCHCAlbhlN4ji3uC28h7IIdlXyIvGO7HsuqnV9p3rD/bpH7XhIyhRw=="],

    "@rolldown/binding-linux-x64-musl": ["@rolldown/binding-linux-x64-musl@1.0.0-rc.18", "https://registry.npmjs.com/@rolldown/binding-linux-x64-musl/-/binding-linux-x64-musl-1.0.0-rc.18.tgz", { "os": "linux", "cpu": "x64" }, "sha512-XNOQZtuE6yUIvx4rwGemwh8kpL1xvU41FXy/s9K7T/3JVcqGzo3NfKM2HrbrGgfPYGFW42f07Wk++aOC6B9NWA=="],

    "@rolldown/binding-openharmony-arm64": ["@rolldown/binding-openharmony-arm64@1.0.0-rc.18", "https://registry.npmjs.com/@rolldown/binding-openharmony-arm64/-/binding-openharmony-arm64-1.0.0-rc.18.tgz", { "os": "none", "cpu": "arm64" }, "sha512-tSn/kzrfa7tNOXr7sEacDBN4YsIqTyLqh45IO0nHDwtpKIDNDJr+VFojt+4klSpChxB29JLyduSsE0MKEwa65A=="],

    "@rolldown/binding-wasm32-wasi": ["@rolldown/binding-wasm32-wasi@1.0.0-rc.18", "https://registry.npmjs.com/@rolldown/binding-wasm32-wasi/-/binding-wasm32-wasi-1.0.0-rc.18.tgz", { "dependencies": { "@emnapi/core": "1.10.0", "@emnapi/runtime": "1.10.0", "@napi-rs/wasm-runtime": "^1.1.4" }, "cpu": "none" }, "sha512-+J9YGmc+czgqlhYmwun3S3O0FIZhsH8ep2456xwjAdIOmuJxM7xz4P4PtrxU+Bz17a/5bqPA8o3HAAoX0teUdg=="],

    "@rolldown/binding-win32-arm64-msvc": ["@rolldown/binding-win32-arm64-msvc@1.0.0-rc.18", "https://registry.npmjs.com/@rolldown/binding-win32-arm64-msvc/-/binding-win32-arm64-msvc-1.0.0-rc.18.tgz", { "os": "win32", "cpu": "arm64" }, "sha512-zsu47DgU0FQzSwi6sU9dZoEdUv7pc1AptSEz/Z8HBg54sV0Pbs3N0+CrIbTsgiu6EyoaNN9CHboqbLaz9lhOyQ=="],

    "@rolldown/binding-win32-x64-msvc": ["@rolldown/binding-win32-x64-msvc@1.0.0-rc.18", "https://registry.npmjs.com/@rolldown/binding-win32-x64-msvc/-/binding-win32-x64-msvc-1.0.0-rc.18.tgz", { "os": "win32", "cpu": "x64" }, "sha512-7H+3yqGgmnlDTRRhw/xpYY9J1kf4GC681nVc4GqKhExZTDrVVrV2tsOR9kso0fvgBdcTCcQShx4SLLoHgaLwhg=="],

    "@rolldown/pluginutils": ["@rolldown/pluginutils@1.0.0-rc.18", "https://registry.npmjs.com/@rolldown/pluginutils/-/pluginutils-1.0.0-rc.18.tgz", {}, "sha512-CUY5Mnhe64xQBGZEEXQ5WyZwsc1JU3vAZLIxtrsBt3LO6UOb+C8GunVKqe9sT8NeWb4lqSaoJtp2xo6GxT1MNw=="],

    "@simple-libs/child-process-utils": ["@simple-libs/child-process-utils@1.0.2", "https://registry.npmjs.com/@simple-libs/child-process-utils/-/child-process-utils-1.0.2.tgz", { "dependencies": { "@simple-libs/stream-utils": "^1.2.0" } }, "sha512-/4R8QKnd/8agJynkNdJmNw2MBxuFTRcNFnE5Sg/G+jkSsV8/UBgULMzhizWWW42p8L5H7flImV2ATi79Ove2Tw=="],

    "@simple-libs/stream-utils": ["@simple-libs/stream-utils@1.2.0", "https://registry.npmjs.com/@simple-libs/stream-utils/-/stream-utils-1.2.0.tgz", {}, "sha512-KxXvfapcixpz6rVEB6HPjOUZT22yN6v0vI0urQSk1L8MlEWPDFCZkhw2xmkyoTGYeFw7tWTZd7e3lVzRZRN/EA=="],

    "@standard-schema/spec": ["@standard-schema/spec@1.1.0", "https://registry.npmjs.com/@standard-schema/spec/-/spec-1.1.0.tgz", {}, "sha512-l2aFy5jALhniG5HgqrD6jXLi/rUWrKvqN/qJx6yoJsgKhblVd+iqqU4RCXavm/jPityDo5TCvKMnpjKnOriy0w=="],

    "@tybys/wasm-util": ["@tybys/wasm-util@0.10.2", "https://registry.npmjs.com/@tybys/wasm-util/-/wasm-util-0.10.2.tgz", { "dependencies": { "tslib": "^2.4.0" } }, "sha512-RoBvJ2X0wuKlWFIjrwffGw1IqZHKQqzIchKaadZZfnNpsAYp2mM0h36JtPCjNDAHGgYez/15uMBpfGwchhiMgg=="],

    "@types/bun": ["@types/bun@1.3.14", "", { "dependencies": { "bun-types": "1.3.14" } }, "sha512-h1hFqFVcvAvD9j9K7ZW7vd82aSA+rTdznZa+5bwvCwqSB1jmmfLcbIWhOLx1/+boy/xmjgCs/OMUL8hRJSmnPw=="],

    "@types/chai": ["@types/chai@5.2.3", "https://registry.npmjs.com/@types/chai/-/chai-5.2.3.tgz", { "dependencies": { "@types/deep-eql": "*", "assertion-error": "^2.0.1" } }, "sha512-Mw558oeA9fFbv65/y4mHtXDs9bPnFMZAL/jxdPFUpOHHIXX91mcgEHbS5Lahr+pwZFR8A7GQleRWeI6cGFC2UA=="],

    "@types/deep-eql": ["@types/deep-eql@4.0.2", "https://registry.npmjs.com/@types/deep-eql/-/deep-eql-4.0.2.tgz", {}, "sha512-c9h9dVVMigMPc4bwTvC5dxqtqJZwQPePsWjPlpSOnojbor6pGqdk541lfA7AqFQr5pB1BRdq0juY9db81BwyFw=="],

    "@types/estree": ["@types/estree@1.0.9", "https://registry.npmjs.com/@types/estree/-/estree-1.0.9.tgz", {}, "sha512-GhdPgy1el4/ImP05X05Uw4cw2/M93BCUmnEvWZNStlCzEKME4Fkk+YpoA5OiHNQmoS7Cafb8Xa3Pya8m1Qrzeg=="],

    "@types/node": ["@types/node@25.6.2", "https://registry.npmjs.com/@types/node/-/node-25.6.2.tgz", { "dependencies": { "undici-types": "~7.19.0" } }, "sha512-sokuT28dxf9JT5Kady1fsXOvI4HVpjZa95NKT5y9PNTIrs2AsobR4GFAA90ZG8M+nxVRLysCXsVj6eGC7Vbrlw=="],

    "@types/normalize-package-data": ["@types/normalize-package-data@2.4.4", "https://registry.npmjs.com/@types/normalize-package-data/-/normalize-package-data-2.4.4.tgz", {}, "sha512-37i+OaWTh9qeK4LSHPsyRC7NahnGotNuZvjLSgcPzblpHB3rrCJxAOgI5gCdKm7coonsaX1Of0ILiTcnZjbfxA=="],

    "@vitest/expect": ["@vitest/expect@4.1.5", "https://registry.npmjs.com/@vitest/expect/-/expect-4.1.5.tgz", { "dependencies": { "@standard-schema/spec": "^1.1.0", "@types/chai": "^5.2.2", "@vitest/spy": "4.1.5", "@vitest/utils": "4.1.5", "chai": "^6.2.2", "tinyrainbow": "^3.1.0" } }, "sha512-PWBaRY5JoKuRnHlUHfpV/KohFylaDZTupcXN1H9vYryNLOnitSw60Mw9IAE2r67NbwwzBw/Cc/8q9BK3kIX8Kw=="],

    "@vitest/mocker": ["@vitest/mocker@4.1.5", "https://registry.npmjs.com/@vitest/mocker/-/mocker-4.1.5.tgz", { "dependencies": { "@vitest/spy": "4.1.5", "estree-walker": "^3.0.3", "magic-string": "^0.30.21" }, "peerDependencies": { "msw": "^2.4.9", "vite": "^6.0.0 || ^7.0.0 || ^8.0.0" }, "optionalPeers": ["msw", "vite"] }, "sha512-/x2EmFC4mT4NNzqvC3fmesuV97w5FC903KPmey4gsnJiMQ3Be1IlDKVaDaG8iqaLFHqJ2FVEkxZk5VmeLjIItw=="],

    "@vitest/pretty-format": ["@vitest/pretty-format@4.1.5", "https://registry.npmjs.com/@vitest/pretty-format/-/pretty-format-4.1.5.tgz", { "dependencies": { "tinyrainbow": "^3.1.0" } }, "sha512-7I3q6l5qr03dVfMX2wCo9FxwSJbPdwKjy2uu/YPpU3wfHvIL4QHwVRp57OfGrDFeUJ8/8QdfBKIV12FTtLn00g=="],

    "@vitest/runner": ["@vitest/runner@4.1.5", "https://registry.npmjs.com/@vitest/runner/-/runner-4.1.5.tgz", { "dependencies": { "@vitest/utils": "4.1.5", "pathe": "^2.0.3" } }, "sha512-2D+o7Pr82IEO46YPpoA/YU0neeyr6FTerQb5Ro7BUnBuv6NQtT/kmVnczngiMEBhzgqz2UZYl5gArejsyERDSQ=="],

    "@vitest/snapshot": ["@vitest/snapshot@4.1.5", "https://registry.npmjs.com/@vitest/snapshot/-/snapshot-4.1.5.tgz", { "dependencies": { "@vitest/pretty-format": "4.1.5", "@vitest/utils": "4.1.5", "magic-string": "^0.30.21", "pathe": "^2.0.3" } }, "sha512-zypXEt4KH/XgKGPUz4eC2AvErYx0My5hfL8oDb1HzGFpEk1P62bxSohdyOmvz+d9UJwanI68MKwr2EquOaOgMQ=="],

    "@vitest/spy": ["@vitest/spy@4.1.5", "https://registry.npmjs.com/@vitest/spy/-/spy-4.1.5.tgz", {}, "sha512-2lNOsh6+R2Idnf1TCZqSwYlKN2E/iDlD8sgU59kYVl+OMDmvldO1VDk39smRfpUNwYpNRVn3w4YfuC7KfbBnkQ=="],

    "@vitest/utils": ["@vitest/utils@4.1.5", "https://registry.npmjs.com/@vitest/utils/-/utils-4.1.5.tgz", { "dependencies": { "@vitest/pretty-format": "4.1.5", "convert-source-map": "^2.0.0", "tinyrainbow": "^3.1.0" } }, "sha512-76wdkrmfXfqGjueGgnb45ITPyUi1ycZ4IHgC2bhPDUfWHklY/q3MdLOAB+TF1e6xfl8NxNY0ZYaPCFNWSsw3Ug=="],

    "add-stream": ["add-stream@1.0.0", "https://registry.npmjs.com/add-stream/-/add-stream-1.0.0.tgz", {}, "sha512-qQLMr+8o0WC4FZGQTcJiKBVC59JylcPSrTtk6usvmIDFUOCKegapy1VHQwRbFMOFyb/inzUVqHs+eMYKDM1YeQ=="],

    "array-ify": ["array-ify@1.0.0", "https://registry.npmjs.com/array-ify/-/array-ify-1.0.0.tgz", {}, "sha512-c5AMf34bKdvPhQ7tBGhqkgKNUzMr4WUs+WDtC2ZUGOUncbxKMTvqxYctiseW3+L4bA8ec+GcZ6/A/FW4m8ukng=="],

    "assertion-error": ["assertion-error@2.0.1", "https://registry.npmjs.com/assertion-error/-/assertion-error-2.0.1.tgz", {}, "sha512-Izi8RQcffqCeNVgFigKli1ssklIbpHnCYc6AknXGYoB6grJqyeby7jv12JUQgmTAnIDnbck1uxksT4dzN3PWBA=="],

    "bun-types": ["bun-types@1.3.14", "", { "dependencies": { "@types/node": "*" } }, "sha512-4N0ig0fEomHt5R0KCFWjovxow98rIoRwKolrYdCcknNwMekCXRnWEUvgu5soYV8QXtVsrUD8B95MBOZGPvr6KQ=="],

    "chai": ["chai@6.2.2", "https://registry.npmjs.com/chai/-/chai-6.2.2.tgz", {}, "sha512-NUPRluOfOiTKBKvWPtSD4PhFvWCqOi0BGStNWs57X9js7XGTprSmFoz5F0tWhR4WPjNeR9jXqdC7/UpSJTnlRg=="],

    "compare-func": ["compare-func@2.0.0", "https://registry.npmjs.com/compare-func/-/compare-func-2.0.0.tgz", { "dependencies": { "array-ify": "^1.0.0", "dot-prop": "^5.1.0" } }, "sha512-zHig5N+tPWARooBnb0Zx1MFcdfpyJrfTJ3Y5L+IFvUm8rM74hHz66z0gw0x4tijh5CorKkKUCnW82R2vmpeCRA=="],

    "conventional-changelog": ["conventional-changelog@6.0.0", "https://registry.npmjs.com/conventional-changelog/-/conventional-changelog-6.0.0.tgz", { "dependencies": { "conventional-changelog-angular": "^8.0.0", "conventional-changelog-atom": "^5.0.0", "conventional-changelog-codemirror": "^5.0.0", "conventional-changelog-conventionalcommits": "^8.0.0", "conventional-changelog-core": "^8.0.0", "conventional-changelog-ember": "^5.0.0", "conventional-changelog-eslint": "^6.0.0", "conventional-changelog-express": "^5.0.0", "conventional-changelog-jquery": "^6.0.0", "conventional-changelog-jshint": "^5.0.0", "conventional-changelog-preset-loader": "^5.0.0" } }, "sha512-tuUH8H/19VjtD9Ig7l6TQRh+Z0Yt0NZ6w/cCkkyzUbGQTnUEmKfGtkC9gGfVgCfOL1Rzno5NgNF4KY8vR+Jo3w=="],

    "conventional-changelog-angular": ["conventional-changelog-angular@8.3.1", "https://registry.npmjs.com/conventional-changelog-angular/-/conventional-changelog-angular-8.3.1.tgz", { "dependencies": { "compare-func": "^2.0.0" } }, "sha512-6gfI3otXK5Ph5DfCOI1dblr+kN3FAm5a97hYoQkqNZxOaYa5WKfXH+AnpsmS+iUH2mgVC2Cg2Qw9m5OKcmNrIg=="],

    "conventional-changelog-atom": ["conventional-changelog-atom@5.1.0", "https://registry.npmjs.com/conventional-changelog-atom/-/conventional-changelog-atom-5.1.0.tgz", {}, "sha512-fw7GpI9jHNCWGBnTsPRI452ypQbNupGwsjrXfozvRNE0c92pJRpoj9rXfzDKUYJcsmk0H4XKaQjhjelwI9z27w=="],

    "conventional-changelog-cli": ["conventional-changelog-cli@5.0.0", "https://registry.npmjs.com/conventional-changelog-cli/-/conventional-changelog-cli-5.0.0.tgz", { "dependencies": { "add-stream": "^1.0.0", "conventional-changelog": "^6.0.0", "meow": "^13.0.0", "tempfile": "^5.0.0" }, "bin": { "conventional-changelog": "cli.js" } }, "sha512-9Y8fucJe18/6ef6ZlyIlT2YQUbczvoQZZuYmDLaGvcSBP+M6h+LAvf7ON7waRxKJemcCII8Yqu5/8HEfskTxJQ=="],

    "conventional-changelog-codemirror": ["conventional-changelog-codemirror@5.1.0", "https://registry.npmjs.com/conventional-changelog-codemirror/-/conventional-changelog-codemirror-5.1.0.tgz", {}, "sha512-iXhy63YczB+yWA9DrsYbquSYLvWKsK9M3WC+xQPEm8cOn4oXzKpmTp2uH3qi7+i10oTcGJTvq9lsBpZmMADaNg=="],

    "conventional-changelog-conventionalcommits": ["conventional-changelog-conventionalcommits@8.0.0", "https://registry.npmjs.com/conventional-changelog-conventionalcommits/-/conventional-changelog-conventionalcommits-8.0.0.tgz", { "dependencies": { "compare-func": "^2.0.0" } }, "sha512-eOvlTO6OcySPyyyk8pKz2dP4jjElYunj9hn9/s0OB+gapTO8zwS9UQWrZ1pmF2hFs3vw1xhonOLGcGjy/zgsuA=="],

    "conventional-changelog-core": ["conventional-changelog-core@8.0.0", "https://registry.npmjs.com/conventional-changelog-core/-/conventional-changelog-core-8.0.0.tgz", { "dependencies": { "@hutson/parse-repository-url": "^5.0.0", "add-stream": "^1.0.0", "conventional-changelog-writer": "^8.0.0", "conventional-commits-parser": "^6.0.0", "git-raw-commits": "^5.0.0", "git-semver-tags": "^8.0.0", "hosted-git-info": "^7.0.0", "normalize-package-data": "^6.0.0", "read-package-up": "^11.0.0", "read-pkg": "^9.0.0" } }, "sha512-EATUx5y9xewpEe10UEGNpbSHRC6cVZgO+hXQjofMqpy+gFIrcGvH3Fl6yk2VFKh7m+ffenup2N7SZJYpyD9evw=="],

    "conventional-changelog-ember": ["conventional-changelog-ember@5.1.0", "https://registry.npmjs.com/conventional-changelog-ember/-/conventional-changelog-ember-5.1.0.tgz", {}, "sha512-XNcgGcdJt7wh341BBML0CI8DKpqE5lKD1WahzFHGZFvKTzJr1rZW976cw7beqKLOBbzdrH9ZIkE/s2TfbOuM3g=="],

    "conventional-changelog-eslint": ["conventional-changelog-eslint@6.1.0", "https://registry.npmjs.com/conventional-changelog-eslint/-/conventional-changelog-eslint-6.1.0.tgz", {}, "sha512-beWr3qzuEMN9gznMWa8PhTVfGkGXoq+XnUzViNXg5KygrgV728ZRqZngz3uPhz5+ayUhPrpNFYqIE0qHWz9NAw=="],

    "conventional-changelog-express": ["conventional-changelog-express@5.1.0", "https://registry.npmjs.com/conventional-changelog-express/-/conventional-changelog-express-5.1.0.tgz", {}, "sha512-g/s9eLohrefYTSNQaB6+k0ONbiVx41YOKBbIOIM3ST/NtedAgppCJnrpKXVN9sOmpPkN4vjFwURlfvpEDUjoeg=="],

    "conventional-changelog-jquery": ["conventional-changelog-jquery@6.1.0", "https://registry.npmjs.com/conventional-changelog-jquery/-/conventional-changelog-jquery-6.1.0.tgz", {}, "sha512-/sFhULybhFrMg+qc8MHHHSj7kTVMfx5C7rSM6Z9EjduVoAQJdGRq/wpv/SWPMQ+KPNSYHqDLwm/x2Z5hOcYvqQ=="],

    "conventional-changelog-jshint": ["conventional-changelog-jshint@5.2.0", "https://registry.npmjs.com/conventional-changelog-jshint/-/conventional-changelog-jshint-5.2.0.tgz", { "dependencies": { "compare-func": "^2.0.0" } }, "sha512-OaatyvHXP1fjI7Mx0b1IkmhbhTsVHsytnsQSkOj4rhGbFMoTcfvbwm/vAtCzRMXOxojK1EDMBBmBj1pM9KNy/Q=="],

    "conventional-changelog-preset-loader": ["conventional-changelog-preset-loader@5.0.0", "https://registry.npmjs.com/conventional-changelog-preset-loader/-/conventional-changelog-preset-loader-5.0.0.tgz", {}, "sha512-SetDSntXLk8Jh1NOAl1Gu5uLiCNSYenB5tm0YVeZKePRIgDW9lQImromTwLa3c/Gae298tsgOM+/CYT9XAl0NA=="],

    "conventional-changelog-writer": ["conventional-changelog-writer@8.4.0", "https://registry.npmjs.com/conventional-changelog-writer/-/conventional-changelog-writer-8.4.0.tgz", { "dependencies": { "@simple-libs/stream-utils": "^1.2.0", "conventional-commits-filter": "^5.0.0", "handlebars": "^4.7.7", "meow": "^13.0.0", "semver": "^7.5.2" }, "bin": { "conventional-changelog-writer": "dist/cli/index.js" } }, "sha512-HHBFkk1EECxxmCi4CTu091iuDpQv5/OavuCUAuZmrkWpmYfyD816nom1CvtfXJ/uYfAAjavgHvXHX291tSLK8g=="],

    "conventional-commits-filter": ["conventional-commits-filter@5.0.0", "https://registry.npmjs.com/conventional-commits-filter/-/conventional-commits-filter-5.0.0.tgz", {}, "sha512-tQMagCOC59EVgNZcC5zl7XqO30Wki9i9J3acbUvkaosCT6JX3EeFwJD7Qqp4MCikRnzS18WXV3BLIQ66ytu6+Q=="],

    "conventional-commits-parser": ["conventional-commits-parser@6.4.0", "https://registry.npmjs.com/conventional-commits-parser/-/conventional-commits-parser-6.4.0.tgz", { "dependencies": { "@simple-libs/stream-utils": "^1.2.0", "meow": "^13.0.0" }, "bin": { "conventional-commits-parser": "dist/cli/index.js" } }, "sha512-tvRg7FIBNlyPzjdG8wWRlPHQJJHI7DylhtRGeU9Lq+JuoPh5BKpPRX83ZdLrvXuOSu5Eo/e7SzOQhU4Hd2Miuw=="],

    "convert-source-map": ["convert-source-map@2.0.0", "https://registry.npmjs.com/convert-source-map/-/convert-source-map-2.0.0.tgz", {}, "sha512-Kvp459HrV2FEJ1CAsi1Ku+MY3kasH19TFykTz2xWmMeq6bk2NU3XXvfJ+Q61m0xktWwt+1HSYf3JZsTms3aRJg=="],

    "detect-libc": ["detect-libc@2.1.2", "https://registry.npmjs.com/detect-libc/-/detect-libc-2.1.2.tgz", {}, "sha512-Btj2BOOO83o3WyH59e8MgXsxEQVcarkUOpEYrubB0urwnN10yQ364rsiByU11nZlqWYZm05i/of7io4mzihBtQ=="],

    "dot-prop": ["dot-prop@5.3.0", "https://registry.npmjs.com/dot-prop/-/dot-prop-5.3.0.tgz", { "dependencies": { "is-obj": "^2.0.0" } }, "sha512-QM8q3zDe58hqUqjraQOmzZ1LIH9SWQJTlEKCH4kJ2oQvLZk7RbQXvtDM2XEq3fwkV9CCvvH4LA0AV+ogFsBM2Q=="],

    "es-module-lexer": ["es-module-lexer@2.1.0", "https://registry.npmjs.com/es-module-lexer/-/es-module-lexer-2.1.0.tgz", {}, "sha512-n27zTYMjYu1aj4MjCWzSP7G9r75utsaoc8m61weK+W8JMBGGQybd43GstCXZ3WNmSFtGT9wi59qQTW6mhTR5LQ=="],

    "estree-walker": ["estree-walker@3.0.3", "https://registry.npmjs.com/estree-walker/-/estree-walker-3.0.3.tgz", { "dependencies": { "@types/estree": "^1.0.0" } }, "sha512-7RUKfXgSMMkzt6ZuXmqapOurLGPPfgj6l9uRZ7lRGolvk0y2yocc35LdcxKC5PQZdn2DMqioAQ2NoWcrTKmm6g=="],

    "expect-type": ["expect-type@1.3.0", "https://registry.npmjs.com/expect-type/-/expect-type-1.3.0.tgz", {}, "sha512-knvyeauYhqjOYvQ66MznSMs83wmHrCycNEN6Ao+2AeYEfxUIkuiVxdEa1qlGEPK+We3n0THiDciYSsCcgW/DoA=="],

    "fdir": ["fdir@6.5.0", "https://registry.npmjs.com/fdir/-/fdir-6.5.0.tgz", { "peerDependencies": { "picomatch": "^3 || ^4" }, "optionalPeers": ["picomatch"] }, "sha512-tIbYtZbucOs0BRGqPJkshJUYdL+SDH7dVM8gjy+ERp3WAUjLEFJE+02kanyHtwjWOnwrKYBiwAmM0p4kLJAnXg=="],

    "find-up-simple": ["find-up-simple@1.0.1", "https://registry.npmjs.com/find-up-simple/-/find-up-simple-1.0.1.tgz", {}, "sha512-afd4O7zpqHeRyg4PfDQsXmlDe2PfdHtJt6Akt8jOWaApLOZk5JXs6VMR29lz03pRe9mpykrRCYIYxaJYcfpncQ=="],

    "fsevents": ["fsevents@2.3.3", "https://registry.npmjs.com/fsevents/-/fsevents-2.3.3.tgz", { "os": "darwin" }, "sha512-5xoDfX+fL7faATnagmWPpbFtwh/R77WmMMqqHGS65C3vvB0YHrgF+B1YmZ3441tMj5n63k0212XNoJwzlhffQw=="],

    "git-raw-commits": ["git-raw-commits@5.0.1", "https://registry.npmjs.com/git-raw-commits/-/git-raw-commits-5.0.1.tgz", { "dependencies": { "@conventional-changelog/git-client": "^2.6.0", "meow": "^13.0.0" }, "bin": { "git-raw-commits": "src/cli.js" } }, "sha512-Y+csSm2GD/PCSh6Isd/WiMjNAydu0VBiG9J7EdQsNA5P9uXvLayqjmTsNlK5Gs9IhblFZqOU0yid5Il5JPoLiQ=="],

    "git-semver-tags": ["git-semver-tags@8.0.1", "https://registry.npmjs.com/git-semver-tags/-/git-semver-tags-8.0.1.tgz", { "dependencies": { "@conventional-changelog/git-client": "^2.6.0", "meow": "^13.0.0" }, "bin": { "git-semver-tags": "src/cli.js" } }, "sha512-zMbamckSNdlT4U48IMFa2Cn6FTzM+2yF6/gEmStPJI8PiLxd/bT6dw10+mc6u5Qe4fhrc/y9nU290FWjQhAV7g=="],

    "handlebars": ["handlebars@4.7.9", "https://registry.npmjs.com/handlebars/-/handlebars-4.7.9.tgz", { "dependencies": { "minimist": "^1.2.5", "neo-async": "^2.6.2", "source-map": "^0.6.1", "wordwrap": "^1.0.0" }, "optionalDependencies": { "uglify-js": "^3.1.4" }, "bin": { "handlebars": "bin/handlebars" } }, "sha512-4E71E0rpOaQuJR2A3xDZ+GM1HyWYv1clR58tC8emQNeQe3RH7MAzSbat+V0wG78LQBo6m6bzSG/L4pBuCsgnUQ=="],

    "hosted-git-info": ["hosted-git-info@7.0.2", "https://registry.npmjs.com/hosted-git-info/-/hosted-git-info-7.0.2.tgz", { "dependencies": { "lru-cache": "^10.0.1" } }, "sha512-puUZAUKT5m8Zzvs72XWy3HtvVbTWljRE66cP60bxJzAqf2DgICo7lYTY2IHUmLnNpjYvw5bvmoHvPc0QO2a62w=="],

    "index-to-position": ["index-to-position@1.2.0", "https://registry.npmjs.com/index-to-position/-/index-to-position-1.2.0.tgz", {}, "sha512-Yg7+ztRkqslMAS2iFaU+Oa4KTSidr63OsFGlOrJoW981kIYO3CGCS3wA95P1mUi/IVSJkn0D479KTJpVpvFNuw=="],

    "is-obj": ["is-obj@2.0.0", "https://registry.npmjs.com/is-obj/-/is-obj-2.0.0.tgz", {}, "sha512-drqDG3cbczxxEJRoOXcOjtdp1J/lyp1mNn0xaznRs8+muBhgQcrnbspox5X5fOw0HnMnbfDzvnEMEtqDEJEo8w=="],

    "js-tokens": ["js-tokens@4.0.0", "https://registry.npmjs.com/js-tokens/-/js-tokens-4.0.0.tgz", {}, "sha512-RdJUflcE3cUzKiMqQgsCu06FPu9UdIJO0beYbPhHN4k6apgJtifcoCtT9bcxOpYBtpD2kCM6Sbzg4CausW/PKQ=="],

    "lightningcss": ["lightningcss@1.32.0", "https://registry.npmjs.com/lightningcss/-/lightningcss-1.32.0.tgz", { "dependencies": { "detect-libc": "^2.0.3" }, "optionalDependencies": { "lightningcss-android-arm64": "1.32.0", "lightningcss-darwin-arm64": "1.32.0", "lightningcss-darwin-x64": "1.32.0", "lightningcss-freebsd-x64": "1.32.0", "lightningcss-linux-arm-gnueabihf": "1.32.0", "lightningcss-linux-arm64-gnu": "1.32.0", "lightningcss-linux-arm64-musl": "1.32.0", "lightningcss-linux-x64-gnu": "1.32.0", "lightningcss-linux-x64-musl": "1.32.0", "lightningcss-win32-arm64-msvc": "1.32.0", "lightningcss-win32-x64-msvc": "1.32.0" } }, "sha512-NXYBzinNrblfraPGyrbPoD19C1h9lfI/1mzgWYvXUTe414Gz/X1FD2XBZSZM7rRTrMA8JL3OtAaGifrIKhQ5yQ=="],

    "lightningcss-android-arm64": ["lightningcss-android-arm64@1.32.0", "https://registry.npmjs.com/lightningcss-android-arm64/-/lightningcss-android-arm64-1.32.0.tgz", { "os": "android", "cpu": "arm64" }, "sha512-YK7/ClTt4kAK0vo6w3X+Pnm0D2cf2vPHbhOXdoNti1Ga0al1P4TBZhwjATvjNwLEBCnKvjJc2jQgHXH0NEwlAg=="],

    "lightningcss-darwin-arm64": ["lightningcss-darwin-arm64@1.32.0", "https://registry.npmjs.com/lightningcss-darwin-arm64/-/lightningcss-darwin-arm64-1.32.0.tgz", { "os": "darwin", "cpu": "arm64" }, "sha512-RzeG9Ju5bag2Bv1/lwlVJvBE3q6TtXskdZLLCyfg5pt+HLz9BqlICO7LZM7VHNTTn/5PRhHFBSjk5lc4cmscPQ=="],

    "lightningcss-darwin-x64": ["lightningcss-darwin-x64@1.32.0", "https://registry.npmjs.com/lightningcss-darwin-x64/-/lightningcss-darwin-x64-1.32.0.tgz", { "os": "darwin", "cpu": "x64" }, "sha512-U+QsBp2m/s2wqpUYT/6wnlagdZbtZdndSmut/NJqlCcMLTWp5muCrID+K5UJ6jqD2BFshejCYXniPDbNh73V8w=="],

    "lightningcss-freebsd-x64": ["lightningcss-freebsd-x64@1.32.0", "https://registry.npmjs.com/lightningcss-freebsd-x64/-/lightningcss-freebsd-x64-1.32.0.tgz", { "os": "freebsd", "cpu": "x64" }, "sha512-JCTigedEksZk3tHTTthnMdVfGf61Fky8Ji2E4YjUTEQX14xiy/lTzXnu1vwiZe3bYe0q+SpsSH/CTeDXK6WHig=="],

    "lightningcss-linux-arm-gnueabihf": ["lightningcss-linux-arm-gnueabihf@1.32.0", "https://registry.npmjs.com/lightningcss-linux-arm-gnueabihf/-/lightningcss-linux-arm-gnueabihf-1.32.0.tgz", { "os": "linux", "cpu": "arm" }, "sha512-x6rnnpRa2GL0zQOkt6rts3YDPzduLpWvwAF6EMhXFVZXD4tPrBkEFqzGowzCsIWsPjqSK+tyNEODUBXeeVHSkw=="],

    "lightningcss-linux-arm64-gnu": ["lightningcss-linux-arm64-gnu@1.32.0", "https://registry.npmjs.com/lightningcss-linux-arm64-gnu/-/lightningcss-linux-arm64-gnu-1.32.0.tgz", { "os": "linux", "cpu": "arm64" }, "sha512-0nnMyoyOLRJXfbMOilaSRcLH3Jw5z9HDNGfT/gwCPgaDjnx0i8w7vBzFLFR1f6CMLKF8gVbebmkUN3fa/kQJpQ=="],

    "lightningcss-linux-arm64-musl": ["lightningcss-linux-arm64-musl@1.32.0", "https://registry.npmjs.com/lightningcss-linux-arm64-musl/-/lightningcss-linux-arm64-musl-1.32.0.tgz", { "os": "linux", "cpu": "arm64" }, "sha512-UpQkoenr4UJEzgVIYpI80lDFvRmPVg6oqboNHfoH4CQIfNA+HOrZ7Mo7KZP02dC6LjghPQJeBsvXhJod/wnIBg=="],

    "lightningcss-linux-x64-gnu": ["lightningcss-linux-x64-gnu@1.32.0", "https://registry.npmjs.com/lightningcss-linux-x64-gnu/-/lightningcss-linux-x64-gnu-1.32.0.tgz", { "os": "linux", "cpu": "x64" }, "sha512-V7Qr52IhZmdKPVr+Vtw8o+WLsQJYCTd8loIfpDaMRWGUZfBOYEJeyJIkqGIDMZPwPx24pUMfwSxxI8phr/MbOA=="],

    "lightningcss-linux-x64-musl": ["lightningcss-linux-x64-musl@1.32.0", "https://registry.npmjs.com/lightningcss-linux-x64-musl/-/lightningcss-linux-x64-musl-1.32.0.tgz", { "os": "linux", "cpu": "x64" }, "sha512-bYcLp+Vb0awsiXg/80uCRezCYHNg1/l3mt0gzHnWV9XP1W5sKa5/TCdGWaR/zBM2PeF/HbsQv/j2URNOiVuxWg=="],

    "lightningcss-win32-arm64-msvc": ["lightningcss-win32-arm64-msvc@1.32.0", "https://registry.npmjs.com/lightningcss-win32-arm64-msvc/-/lightningcss-win32-arm64-msvc-1.32.0.tgz", { "os": "win32", "cpu": "arm64" }, "sha512-8SbC8BR40pS6baCM8sbtYDSwEVQd4JlFTOlaD3gWGHfThTcABnNDBda6eTZeqbofalIJhFx0qKzgHJmcPTnGdw=="],

    "lightningcss-win32-x64-msvc": ["lightningcss-win32-x64-msvc@1.32.0", "https://registry.npmjs.com/lightningcss-win32-x64-msvc/-/lightningcss-win32-x64-msvc-1.32.0.tgz", { "os": "win32", "cpu": "x64" }, "sha512-Amq9B/SoZYdDi1kFrojnoqPLxYhQ4Wo5XiL8EVJrVsB8ARoC1PWW6VGtT0WKCemjy8aC+louJnjS7U18x3b06Q=="],

    "lru-cache": ["lru-cache@10.4.3", "https://registry.npmjs.com/lru-cache/-/lru-cache-10.4.3.tgz", {}, "sha512-JNAzZcXrCt42VGLuYz0zfAzDfAvJWW6AfYlDBQyDV5DClI2m5sAmK+OIO7s59XfsRsWHp02jAJrRadPRGTt6SQ=="],

    "magic-string": ["magic-string@0.30.21", "https://registry.npmjs.com/magic-string/-/magic-string-0.30.21.tgz", { "dependencies": { "@jridgewell/sourcemap-codec": "^1.5.5" } }, "sha512-vd2F4YUyEXKGcLHoq+TEyCjxueSeHnFxyyjNp80yg0XV4vUhnDer/lvvlqM/arB5bXQN5K2/3oinyCRyx8T2CQ=="],

    "meow": ["meow@13.2.0", "https://registry.npmjs.com/meow/-/meow-13.2.0.tgz", {}, "sha512-pxQJQzB6djGPXh08dacEloMFopsOqGVRKFPYvPOt9XDZ1HasbgDZA74CJGreSU4G3Ak7EFJGoiH2auq+yXISgA=="],

    "minimist": ["minimist@1.2.8", "https://registry.npmjs.com/minimist/-/minimist-1.2.8.tgz", {}, "sha512-2yyAR8qBkN3YuheJanUpWC5U3bb5osDywNB8RzDVlDwDHbocAJveqqj1u8+SVD7jkWT4yvsHCpWqqWqAxb0zCA=="],

    "nanoid": ["nanoid@3.3.12", "https://registry.npmjs.com/nanoid/-/nanoid-3.3.12.tgz", { "bin": { "nanoid": "bin/nanoid.cjs" } }, "sha512-ZB9RH/39qpq5Vu6Y+NmUaFhQR6pp+M2Xt76XBnEwDaGcVAqhlvxrl3B2bKS5D3NH3QR76v3aSrKaF/Kiy7lEtQ=="],

    "neo-async": ["neo-async@2.6.2", "https://registry.npmjs.com/neo-async/-/neo-async-2.6.2.tgz", {}, "sha512-Yd3UES5mWCSqR+qNT93S3UoYUkqAZ9lLg8a7g9rimsWmYGK8cVToA4/sF3RrshdyV3sAGMXVUmpMYOw+dLpOuw=="],

    "normalize-package-data": ["normalize-package-data@6.0.2", "https://registry.npmjs.com/normalize-package-data/-/normalize-package-data-6.0.2.tgz", { "dependencies": { "hosted-git-info": "^7.0.0", "semver": "^7.3.5", "validate-npm-package-license": "^3.0.4" } }, "sha512-V6gygoYb/5EmNI+MEGrWkC+e6+Rr7mTmfHrxDbLzxQogBkgzo76rkok0Am6thgSF7Mv2nLOajAJj5vDJZEFn7g=="],

    "obug": ["obug@2.1.1", "https://registry.npmjs.com/obug/-/obug-2.1.1.tgz", {}, "sha512-uTqF9MuPraAQ+IsnPf366RG4cP9RtUi7MLO1N3KEc+wb0a6yKpeL0lmk2IB1jY5KHPAlTc6T/JRdC/YqxHNwkQ=="],

    "parse-json": ["parse-json@8.3.0", "https://registry.npmjs.com/parse-json/-/parse-json-8.3.0.tgz", { "dependencies": { "@babel/code-frame": "^7.26.2", "index-to-position": "^1.1.0", "type-fest": "^4.39.1" } }, "sha512-ybiGyvspI+fAoRQbIPRddCcSTV9/LsJbf0e/S85VLowVGzRmokfneg2kwVW/KU5rOXrPSbF1qAKPMgNTqqROQQ=="],

    "pathe": ["pathe@2.0.3", "https://registry.npmjs.com/pathe/-/pathe-2.0.3.tgz", {}, "sha512-WUjGcAqP1gQacoQe+OBJsFA7Ld4DyXuUIjZ5cc75cLHvJ7dtNsTugphxIADwspS+AraAUePCKrSVtPLFj/F88w=="],

    "picocolors": ["picocolors@1.1.1", "https://registry.npmjs.com/picocolors/-/picocolors-1.1.1.tgz", {}, "sha512-xceH2snhtb5M9liqDsmEw56le376mTZkEX/jEb/RxNFyegNul7eNslCXP9FDj/Lcu0X8KEyMceP2ntpaHrDEVA=="],

    "picomatch": ["picomatch@4.0.4", "https://registry.npmjs.com/picomatch/-/picomatch-4.0.4.tgz", {}, "sha512-QP88BAKvMam/3NxH6vj2o21R6MjxZUAd6nlwAS/pnGvN9IVLocLHxGYIzFhg6fUQ+5th6P4dv4eW9jX3DSIj7A=="],

    "postcss": ["postcss@8.5.14", "https://registry.npmjs.com/postcss/-/postcss-8.5.14.tgz", { "dependencies": { "nanoid": "^3.3.11", "picocolors": "^1.1.1", "source-map-js": "^1.2.1" } }, "sha512-SoSL4+OSEtR99LHFZQiJLkT59C5B1amGO1NzTwj7TT1qCUgUO6hxOvzkOYxD+vMrXBM3XJIKzokoERdqQq/Zmg=="],

    "read-package-up": ["read-package-up@11.0.0", "https://registry.npmjs.com/read-package-up/-/read-package-up-11.0.0.tgz", { "dependencies": { "find-up-simple": "^1.0.0", "read-pkg": "^9.0.0", "type-fest": "^4.6.0" } }, "sha512-MbgfoNPANMdb4oRBNg5eqLbB2t2r+o5Ua1pNt8BqGp4I0FJZhuVSOj3PaBPni4azWuSzEdNn2evevzVmEk1ohQ=="],

    "read-pkg": ["read-pkg@9.0.1", "https://registry.npmjs.com/read-pkg/-/read-pkg-9.0.1.tgz", { "dependencies": { "@types/normalize-package-data": "^2.4.3", "normalize-package-data": "^6.0.0", "parse-json": "^8.0.0", "type-fest": "^4.6.0", "unicorn-magic": "^0.1.0" } }, "sha512-9viLL4/n1BJUCT1NXVTdS1jtm80yDEgR5T4yCelII49Mbj0v1rZdKqj7zCiYdbB0CuCgdrvHcNogAKTFPBocFA=="],

    "rolldown": ["rolldown@1.0.0-rc.18", "https://registry.npmjs.com/rolldown/-/rolldown-1.0.0-rc.18.tgz", { "dependencies": { "@oxc-project/types": "=0.128.0", "@rolldown/pluginutils": "1.0.0-rc.18" }, "optionalDependencies": { "@rolldown/binding-android-arm64": "1.0.0-rc.18", "@rolldown/binding-darwin-arm64": "1.0.0-rc.18", "@rolldown/binding-darwin-x64": "1.0.0-rc.18", "@rolldown/binding-freebsd-x64": "1.0.0-rc.18", "@rolldown/binding-linux-arm-gnueabihf": "1.0.0-rc.18", "@rolldown/binding-linux-arm64-gnu": "1.0.0-rc.18", "@rolldown/binding-linux-arm64-musl": "1.0.0-rc.18", "@rolldown/binding-linux-ppc64-gnu": "1.0.0-rc.18", "@rolldown/binding-linux-s390x-gnu": "1.0.0-rc.18", "@rolldown/binding-linux-x64-gnu": "1.0.0-rc.18", "@rolldown/binding-linux-x64-musl": "1.0.0-rc.18", "@rolldown/binding-openharmony-arm64": "1.0.0-rc.18", "@rolldown/binding-wasm32-wasi": "1.0.0-rc.18", "@rolldown/binding-win32-arm64-msvc": "1.0.0-rc.18", "@rolldown/binding-win32-x64-msvc": "1.0.0-rc.18" }, "bin": { "rolldown": "bin/cli.mjs" } }, "sha512-phmyKBpuBdRYDf4hgyynGAYn/rDDe+iZXKVJ7WX5b1zQzpLkP5oJRPGsfJuHdzPMlyyEO/4sPW6yfSx2gf7lVg=="],

    "semver": ["semver@7.7.4", "https://registry.npmjs.com/semver/-/semver-7.7.4.tgz", { "bin": { "semver": "bin/semver.js" } }, "sha512-vFKC2IEtQnVhpT78h1Yp8wzwrf8CM+MzKMHGJZfBtzhZNycRFnXsHk6E5TxIkkMsgNS7mdX3AGB7x2QM2di4lA=="],

    "siginfo": ["siginfo@2.0.0", "https://registry.npmjs.com/siginfo/-/siginfo-2.0.0.tgz", {}, "sha512-ybx0WO1/8bSBLEWXZvEd7gMW3Sn3JFlW3TvX1nREbDLRNQNaeNN8WK0meBwPdAaOI7TtRRRJn/Es1zhrrCHu7g=="],

    "source-map": ["source-map@0.6.1", "https://registry.npmjs.com/source-map/-/source-map-0.6.1.tgz", {}, "sha512-UjgapumWlbMhkBgzT7Ykc5YXUT46F0iKu8SGXq0bcwP5dz/h0Plj6enJqjz1Zbq2l5WaqYnrVbwWOWMyF3F47g=="],

    "source-map-js": ["source-map-js@1.2.1", "https://registry.npmjs.com/source-map-js/-/source-map-js-1.2.1.tgz", {}, "sha512-UXWMKhLOwVKb728IUtQPXxfYU+usdybtUrK/8uGE8CQMvrhOpwvzDBwj0QhSL7MQc7vIsISBG8VQ8+IDQxpfQA=="],

    "spdx-correct": ["spdx-correct@3.2.0", "https://registry.npmjs.com/spdx-correct/-/spdx-correct-3.2.0.tgz", { "dependencies": { "spdx-expression-parse": "^3.0.0", "spdx-license-ids": "^3.0.0" } }, "sha512-kN9dJbvnySHULIluDHy32WHRUu3Og7B9sbY7tsFLctQkIqnMh3hErYgdMjTYuqmcXX+lK5T1lnUt3G7zNswmZA=="],

    "spdx-exceptions": ["spdx-exceptions@2.5.0", "https://registry.npmjs.com/spdx-exceptions/-/spdx-exceptions-2.5.0.tgz", {}, "sha512-PiU42r+xO4UbUS1buo3LPJkjlO7430Xn5SVAhdpzzsPHsjbYVflnnFdATgabnLude+Cqu25p6N+g2lw/PFsa4w=="],

    "spdx-expression-parse": ["spdx-expression-parse@3.0.1", "https://registry.npmjs.com/spdx-expression-parse/-/spdx-expression-parse-3.0.1.tgz", { "dependencies": { "spdx-exceptions": "^2.1.0", "spdx-license-ids": "^3.0.0" } }, "sha512-cbqHunsQWnJNE6KhVSMsMeH5H/L9EpymbzqTQ3uLwNCLZ1Q481oWaofqH7nO6V07xlXwY6PhQdQ2IedWx/ZK4Q=="],

    "spdx-license-ids": ["spdx-license-ids@3.0.23", "https://registry.npmjs.com/spdx-license-ids/-/spdx-license-ids-3.0.23.tgz", {}, "sha512-CWLcCCH7VLu13TgOH+r8p1O/Znwhqv/dbb6lqWy67G+pT1kHmeD/+V36AVb/vq8QMIQwVShJ6Ssl5FPh0fuSdw=="],

    "stackback": ["stackback@0.0.2", "https://registry.npmjs.com/stackback/-/stackback-0.0.2.tgz", {}, "sha512-1XMJE5fQo1jGH6Y/7ebnwPOBEkIEnT4QF32d5R1+VXdXveM0IBMJt8zfaxX1P3QhVwrYe+576+jkANtSS2mBbw=="],

    "std-env": ["std-env@4.1.0", "https://registry.npmjs.com/std-env/-/std-env-4.1.0.tgz", {}, "sha512-Rq7ybcX2RuC55r9oaPVEW7/xu3tj8u4GeBYHBWCychFtzMIr86A7e3PPEBPT37sHStKX3+TiX/Fr/ACmJLVlLQ=="],

    "temp-dir": ["temp-dir@3.0.0", "https://registry.npmjs.com/temp-dir/-/temp-dir-3.0.0.tgz", {}, "sha512-nHc6S/bwIilKHNRgK/3jlhDoIHcp45YgyiwcAk46Tr0LfEqGBVpmiAyuiuxeVE44m3mXnEeVhaipLOEWmH+Njw=="],

    "tempfile": ["tempfile@5.0.0", "https://registry.npmjs.com/tempfile/-/tempfile-5.0.0.tgz", { "dependencies": { "temp-dir": "^3.0.0" } }, "sha512-bX655WZI/F7EoTDw9JvQURqAXiPHi8o8+yFxPF2lWYyz1aHnmMRuXWqL6YB6GmeO0o4DIYWHLgGNi/X64T+X4Q=="],

    "tinybench": ["tinybench@2.9.0", "https://registry.npmjs.com/tinybench/-/tinybench-2.9.0.tgz", {}, "sha512-0+DUvqWMValLmha6lr4kD8iAMK1HzV0/aKnCtWb9v9641TnP/MFb7Pc2bxoxQjTXAErryXVgUOfv2YqNllqGeg=="],

    "tinyexec": ["tinyexec@1.1.2", "https://registry.npmjs.com/tinyexec/-/tinyexec-1.1.2.tgz", {}, "sha512-dAqSqE/RabpBKI8+h26GfLq6Vb3JVXs30XYQjdMjaj/c2tS8IYYMbIzP599KtRj7c57/wYApb3QjgRgXmrCukA=="],

    "tinyglobby": ["tinyglobby@0.2.16", "https://registry.npmjs.com/tinyglobby/-/tinyglobby-0.2.16.tgz", { "dependencies": { "fdir": "^6.5.0", "picomatch": "^4.0.4" } }, "sha512-pn99VhoACYR8nFHhxqix+uvsbXineAasWm5ojXoN8xEwK5Kd3/TrhNn1wByuD52UxWRLy8pu+kRMniEi6Eq9Zg=="],

    "tinyrainbow": ["tinyrainbow@3.1.0", "https://registry.npmjs.com/tinyrainbow/-/tinyrainbow-3.1.0.tgz", {}, "sha512-Bf+ILmBgretUrdJxzXM0SgXLZ3XfiaUuOj/IKQHuTXip+05Xn+uyEYdVg0kYDipTBcLrCVyUzAPz7QmArb0mmw=="],

    "tslib": ["tslib@2.8.1", "https://registry.npmjs.com/tslib/-/tslib-2.8.1.tgz", {}, "sha512-oJFu94HQb+KVduSUQL7wnpmqnfmLsOA/nAh6b6EH0wCEoK0/mPeXU6c3wKDV83MkOuHPRHtSXKKU99IBazS/2w=="],

    "type-fest": ["type-fest@4.41.0", "https://registry.npmjs.com/type-fest/-/type-fest-4.41.0.tgz", {}, "sha512-TeTSQ6H5YHvpqVwBRcnLDCBnDOHWYu7IvGbHT6N8AOymcr9PJGjc1GTtiWZTYg0NCgYwvnYWEkVChQAr9bjfwA=="],

    "typescript": ["typescript@5.9.3", "https://registry.npmjs.com/typescript/-/typescript-5.9.3.tgz", { "bin": { "tsc": "bin/tsc", "tsserver": "bin/tsserver" } }, "sha512-jl1vZzPDinLr9eUt3J/t7V6FgNEw9QjvBPdysz9KfQDD41fQrC2Y4vKQdiaUpFT4bXlb1RHhLpp8wtm6M5TgSw=="],

    "uglify-js": ["uglify-js@3.19.3", "https://registry.npmjs.com/uglify-js/-/uglify-js-3.19.3.tgz", { "bin": { "uglifyjs": "bin/uglifyjs" } }, "sha512-v3Xu+yuwBXisp6QYTcH4UbH+xYJXqnq2m/LtQVWKWzYc1iehYnLixoQDN9FH6/j9/oybfd6W9Ghwkl8+UMKTKQ=="],

    "undici-types": ["undici-types@7.19.2", "https://registry.npmjs.com/undici-types/-/undici-types-7.19.2.tgz", {}, "sha512-qYVnV5OEm2AW8cJMCpdV20CDyaN3g0AjDlOGf1OW4iaDEx8MwdtChUp4zu4H0VP3nDRF/8RKWH+IPp9uW0YGZg=="],

    "unicorn-magic": ["unicorn-magic@0.1.0", "https://registry.npmjs.com/unicorn-magic/-/unicorn-magic-0.1.0.tgz", {}, "sha512-lRfVq8fE8gz6QMBuDM6a+LO3IAzTi05H6gCVaUpir2E1Rwpo4ZUog45KpNXKC/Mn3Yb9UDuHumeFTo9iV/D9FQ=="],

    "validate-npm-package-license": ["validate-npm-package-license@3.0.4", "https://registry.npmjs.com/validate-npm-package-license/-/validate-npm-package-license-3.0.4.tgz", { "dependencies": { "spdx-correct": "^3.0.0", "spdx-expression-parse": "^3.0.0" } }, "sha512-DpKm2Ui/xN7/HQKCtpZxoRWBhZ9Z0kqtygG8XCgNQ8ZlDnxuQmWhj566j8fN4Cu3/JmbhsDo7fcAJq4s9h27Ew=="],

    "vite": ["vite@8.0.11", "https://registry.npmjs.com/vite/-/vite-8.0.11.tgz", { "dependencies": { "lightningcss": "^1.32.0", "picomatch": "^4.0.4", "postcss": "^8.5.14", "rolldown": "1.0.0-rc.18", "tinyglobby": "^0.2.16" }, "optionalDependencies": { "fsevents": "~2.3.3" }, "peerDependencies": { "@types/node": "^20.19.0 || >=22.12.0", "@vitejs/devtools": "^0.1.18", "esbuild": "^0.27.0 || ^0.28.0", "jiti": ">=1.21.0", "less": "^4.0.0", "sass": "^1.70.0", "sass-embedded": "^1.70.0", "stylus": ">=0.54.8", "sugarss": "^5.0.0", "terser": "^5.16.0", "tsx": "^4.8.1", "yaml": "^2.4.2" }, "optionalPeers": ["@types/node", "@vitejs/devtools", "esbuild", "jiti", "less", "sass", "sass-embedded", "stylus", "sugarss", "terser", "tsx", "yaml"], "bin": { "vite": "bin/vite.js" } }, "sha512-Jz1mxtUBR5xTT65VOdJZUUeoyLtqljmFkiUXhPTLZka3RDc9vpi/xXkyrnsdRcm2lIi3l3GPMnAidTsEGIj3Ow=="],

    "vitest": ["vitest@4.1.5", "https://registry.npmjs.com/vitest/-/vitest-4.1.5.tgz", { "dependencies": { "@vitest/expect": "4.1.5", "@vitest/mocker": "4.1.5", "@vitest/pretty-format": "4.1.5", "@vitest/runner": "4.1.5", "@vitest/snapshot": "4.1.5", "@vitest/spy": "4.1.5", "@vitest/utils": "4.1.5", "es-module-lexer": "^2.0.0", "expect-type": "^1.3.0", "magic-string": "^0.30.21", "obug": "^2.1.1", "pathe": "^2.0.3", "picomatch": "^4.0.3", "std-env": "^4.0.0-rc.1", "tinybench": "^2.9.0", "tinyexec": "^1.0.2", "tinyglobby": "^0.2.15", "tinyrainbow": "^3.1.0", "vite": "^6.0.0 || ^7.0.0 || ^8.0.0", "why-is-node-running": "^2.3.0" }, "peerDependencies": { "@edge-runtime/vm": "*", "@opentelemetry/api": "^1.9.0", "@types/node": "^20.0.0 || ^22.0.0 || >=24.0.0", "@vitest/browser-playwright": "4.1.5", "@vitest/browser-preview": "4.1.5", "@vitest/browser-webdriverio": "4.1.5", "@vitest/coverage-istanbul": "4.1.5", "@vitest/coverage-v8": "4.1.5", "@vitest/ui": "4.1.5", "happy-dom": "*", "jsdom": "*" }, "optionalPeers": ["@edge-runtime/vm", "@opentelemetry/api", "@types/node", "@vitest/browser-playwright", "@vitest/browser-preview", "@vitest/browser-webdriverio", "@vitest/coverage-istanbul", "@vitest/coverage-v8", "@vitest/ui", "happy-dom", "jsdom"], "bin": { "vitest": "vitest.mjs" } }, "sha512-9Xx1v3/ih3m9hN+SbfkUyy0JAs72ap3r7joc87XL6jwF0jGg6mFBvQ1SrwaX+h8BlkX6Hz9shdd1uo6AF+ZGpg=="],

    "why-is-node-running": ["why-is-node-running@2.3.0", "https://registry.npmjs.com/why-is-node-running/-/why-is-node-running-2.3.0.tgz", { "dependencies": { "siginfo": "^2.0.0", "stackback": "0.0.2" }, "bin": { "why-is-node-running": "cli.js" } }, "sha512-hUrmaWBdVDcxvYqnyh09zunKzROWjbZTiNy8dBEjkS7ehEDQibXJ7XvlmtbwuTclUiIyN+CyXQD4Vmko8fNm8w=="],

    "wordwrap": ["wordwrap@1.0.0", "https://registry.npmjs.com/wordwrap/-/wordwrap-1.0.0.tgz", {}, "sha512-gvVzJFlPycKc5dZN4yPkP8w7Dc37BtP1yczEneOb4uq34pXZcvrtRTmWV8W+Ume+XCxKgbjM+nevkyFPMybd4Q=="],
  }
}
